
Microsoft Visual Studio Solution File, Format Version 12.00
# Visual Studio 2013
VisualStudioVersion = 12.0.21005.1
MinimumVisualStudioVersion = 10.0.40219.1
Project("{8BC9CEB8-8B4A-11D0-8D11-00A0C91BC942}") = "base", "base\base.vcxproj", "{D4D77956-7F3C-43F1-A32F-87C6083BD0C5}"
EndProject
Project("{8BC9CEB8-8B4A-11D0-8D11-00A0C91BC942}") = "duilib", "duilib\duilib.vcxproj", "{E106ACD7-4E53-4AEE-942B-D0DD426DB34E}"
EndProject
Project("{8BC9CEB8-8B4A-11D0-8D11-00A0C91BC942}") = "ui_components", "ui_components\ui_components.vcxproj", "{0149BA6E-3C0A-426D-AA0A-0B9EC7742F19}"
EndProject
Project("{8BC9CEB8-8B4A-11D0-8D11-00A0C91BC942}") = "libcef_dll_wrapper", "plugins\cef_wrapper\libcef_dll_wrapper.vcxproj", "{A72F7A4D-9677-4DE3-8898-18B6F5CD5155}"
EndProject
Project("{2150E333-8FDC-42A3-9474-1A3956D46DE8}") = "plugins", "plugins", "{D5D4C621-4C52-4A83-A2F6-877E5D2F91DD}"
EndProject
Project("{8BC9CEB8-8B4A-11D0-8D11-00A0C91BC942}") = "pcim", "pcim\pcim.vcxproj", "{F1A9371F-9A34-45A0-98EB-83FF371F067F}"
	ProjectSection(ProjectDependencies) = postProject
		{A063DFAD-6995-4E1A-AFFF-E43DC11E95B1} = {A063DFAD-6995-4E1A-AFFF-E43DC11E95B1}
	EndProjectSection
EndProject
Project("{8BC9CEB8-8B4A-11D0-8D11-00A0C91BC942}") = "db", "plugins\db\db.vcxproj", "{745E6452-9FE1-435B-833A-767617EEE1DA}"
EndProject
Project("{8BC9CEB8-8B4A-11D0-8D11-00A0C91BC942}") = "sqlite3", "plugins\wxsqlite3\sqlite3\sqlite3.vcxproj", "{7AE56433-3764-44A4-880F-1920E3FFD4CC}"
EndProject
Project("{8BC9CEB8-8B4A-11D0-8D11-00A0C91BC942}") = "libcurl", "plugins\libcurl\libcurl.vcxproj", "{87EE9DA4-DE1E-4448-8324-183C98DCA588}"
EndProject
Project("{8BC9CEB8-8B4A-11D0-8D11-00A0C91BC942}") = "rest", "plugins\rest\rest.vcxproj", "{755593A0-B5A5-4BF6-BF52-5069BE53530F}"
EndProject
Project("{8BC9CEB8-8B4A-11D0-8D11-00A0C91BC942}") = "tinyxml", "plugins\tinyxml\tinyxml_lib.vcxproj", "{C406DAEC-0886-4771-8DEA-9D7329B46CC1}"
EndProject
Project("{8BC9CEB8-8B4A-11D0-8D11-00A0C91BC942}") = "gloox", "plugins\gloox\gloox.vcxproj", "{36E32BC3-0645-4C90-8BF5-6495ACB7CF5F}"
EndProject
Project("{8BC9CEB8-8B4A-11D0-8D11-00A0C91BC942}") = "libqr", "plugins\libqr\libqr.vcxproj", "{2EA76D13-C2F1-4849-BBF0-2E58FD445887}"
EndProject
Project("{8BC9CEB8-8B4A-11D0-8D11-00A0C91BC942}") = "utils", "plugins\utils\utils.vcxproj", "{0DC4E34F-EAF0-44BF-8B48-6B800949BEB3}"
EndProject
Project("{8BC9CEB8-8B4A-11D0-8D11-00A0C91BC942}") = "cpp_wrapper_util", "plugins\cpp_wrapper_util\cpp_wrapper_util.vcxproj", "{20F2845C-A2C7-42A2-99F9-52AE69BD6976}"
EndProject
Project("{8BC9CEB8-8B4A-11D0-8D11-00A0C91BC942}") = "cef_module", "plugins\cef_module\cef_module.vcxproj", "{5650F9C4-7DD0-4C23-BFC7-022D253ACBFA}"
EndProject
Project("{8BC9CEB8-8B4A-11D0-8D11-00A0C91BC942}") = "downloader", "plugins\downloader\downloader.vcxproj", "{C20D65CD-2BB3-4346-8109-FD1C47E7FBBB}"
EndProject
Project("{8BC9CEB8-8B4A-11D0-8D11-00A0C91BC942}") = "pthread", "plugins\pthread\pthread.vcxproj", "{A063DFAD-6995-4E1A-AFFF-E43DC11E95B1}"
EndProject
Project("{8BC9CEB8-8B4A-11D0-8D11-00A0C91BC942}") = "uploader", "plugins\uploader\uploader.vcxproj", "{708F18DC-BC21-4031-A202-E33D4AA10429}"
EndProject
Project("{8BC9CEB8-8B4A-11D0-8D11-00A0C91BC942}") = "lib_json", "plugins\jsoncpp\makefiles\vs71\lib_json.vcxproj", "{B84F7231-16CE-41D8-8C08-7B523FF4225B}"
EndProject
Global
	GlobalSection(SolutionConfigurationPlatforms) = preSolution
		Debug|Win32 = Debug|Win32
		Debug|x64 = Debug|x64
		Release|Win32 = Release|Win32
		Release|x64 = Release|x64
	EndGlobalSection
	GlobalSection(ProjectConfigurationPlatforms) = postSolution
		{D4D77956-7F3C-43F1-A32F-87C6083BD0C5}.Debug|Win32.ActiveCfg = Debug|Win32
		{D4D77956-7F3C-43F1-A32F-87C6083BD0C5}.Debug|Win32.Build.0 = Debug|Win32
		{D4D77956-7F3C-43F1-A32F-87C6083BD0C5}.Debug|x64.ActiveCfg = Debug|x64
		{D4D77956-7F3C-43F1-A32F-87C6083BD0C5}.Debug|x64.Build.0 = Debug|x64
		{D4D77956-7F3C-43F1-A32F-87C6083BD0C5}.Release|Win32.ActiveCfg = Release|Win32
		{D4D77956-7F3C-43F1-A32F-87C6083BD0C5}.Release|Win32.Build.0 = Release|Win32
		{D4D77956-7F3C-43F1-A32F-87C6083BD0C5}.Release|x64.ActiveCfg = Release|x64
		{D4D77956-7F3C-43F1-A32F-87C6083BD0C5}.Release|x64.Build.0 = Release|x64
		{E106ACD7-4E53-4AEE-942B-D0DD426DB34E}.Debug|Win32.ActiveCfg = Debug|Win32
		{E106ACD7-4E53-4AEE-942B-D0DD426DB34E}.Debug|Win32.Build.0 = Debug|Win32
		{E106ACD7-4E53-4AEE-942B-D0DD426DB34E}.Debug|x64.ActiveCfg = Debug|x64
		{E106ACD7-4E53-4AEE-942B-D0DD426DB34E}.Debug|x64.Build.0 = Debug|x64
		{E106ACD7-4E53-4AEE-942B-D0DD426DB34E}.Release|Win32.ActiveCfg = Release|Win32
		{E106ACD7-4E53-4AEE-942B-D0DD426DB34E}.Release|Win32.Build.0 = Release|Win32
		{E106ACD7-4E53-4AEE-942B-D0DD426DB34E}.Release|x64.ActiveCfg = Release|x64
		{E106ACD7-4E53-4AEE-942B-D0DD426DB34E}.Release|x64.Build.0 = Release|x64
		{0149BA6E-3C0A-426D-AA0A-0B9EC7742F19}.Debug|Win32.ActiveCfg = Debug|Win32
		{0149BA6E-3C0A-426D-AA0A-0B9EC7742F19}.Debug|Win32.Build.0 = Debug|Win32
		{0149BA6E-3C0A-426D-AA0A-0B9EC7742F19}.Debug|x64.ActiveCfg = Debug|x64
		{0149BA6E-3C0A-426D-AA0A-0B9EC7742F19}.Debug|x64.Build.0 = Debug|x64
		{0149BA6E-3C0A-426D-AA0A-0B9EC7742F19}.Release|Win32.ActiveCfg = Release|Win32
		{0149BA6E-3C0A-426D-AA0A-0B9EC7742F19}.Release|Win32.Build.0 = Release|Win32
		{0149BA6E-3C0A-426D-AA0A-0B9EC7742F19}.Release|x64.ActiveCfg = Release|x64
		{0149BA6E-3C0A-426D-AA0A-0B9EC7742F19}.Release|x64.Build.0 = Release|x64
		{A72F7A4D-9677-4DE3-8898-18B6F5CD5155}.Debug|Win32.ActiveCfg = Debug|Win32
		{A72F7A4D-9677-4DE3-8898-18B6F5CD5155}.Debug|Win32.Build.0 = Debug|Win32
		{A72F7A4D-9677-4DE3-8898-18B6F5CD5155}.Debug|x64.ActiveCfg = Debug|x64
		{A72F7A4D-9677-4DE3-8898-18B6F5CD5155}.Debug|x64.Build.0 = Debug|x64
		{A72F7A4D-9677-4DE3-8898-18B6F5CD5155}.Release|Win32.ActiveCfg = Release|Win32
		{A72F7A4D-9677-4DE3-8898-18B6F5CD5155}.Release|Win32.Build.0 = Release|Win32
		{A72F7A4D-9677-4DE3-8898-18B6F5CD5155}.Release|x64.ActiveCfg = Release|x64
		{A72F7A4D-9677-4DE3-8898-18B6F5CD5155}.Release|x64.Build.0 = Release|x64
		{F1A9371F-9A34-45A0-98EB-83FF371F067F}.Debug|Win32.ActiveCfg = Debug|Win32
		{F1A9371F-9A34-45A0-98EB-83FF371F067F}.Debug|Win32.Build.0 = Debug|Win32
		{F1A9371F-9A34-45A0-98EB-83FF371F067F}.Debug|x64.ActiveCfg = Debug|x64
		{F1A9371F-9A34-45A0-98EB-83FF371F067F}.Debug|x64.Build.0 = Debug|x64
		{F1A9371F-9A34-45A0-98EB-83FF371F067F}.Release|Win32.ActiveCfg = Release|Win32
		{F1A9371F-9A34-45A0-98EB-83FF371F067F}.Release|Win32.Build.0 = Release|Win32
		{F1A9371F-9A34-45A0-98EB-83FF371F067F}.Release|x64.ActiveCfg = Release|x64
		{F1A9371F-9A34-45A0-98EB-83FF371F067F}.Release|x64.Build.0 = Release|x64
		{745E6452-9FE1-435B-833A-767617EEE1DA}.Debug|Win32.ActiveCfg = Debug|Win32
		{745E6452-9FE1-435B-833A-767617EEE1DA}.Debug|Win32.Build.0 = Debug|Win32
		{745E6452-9FE1-435B-833A-767617EEE1DA}.Debug|x64.ActiveCfg = Debug|x64
		{745E6452-9FE1-435B-833A-767617EEE1DA}.Debug|x64.Build.0 = Debug|x64
		{745E6452-9FE1-435B-833A-767617EEE1DA}.Release|Win32.ActiveCfg = Release|Win32
		{745E6452-9FE1-435B-833A-767617EEE1DA}.Release|Win32.Build.0 = Release|Win32
		{745E6452-9FE1-435B-833A-767617EEE1DA}.Release|x64.ActiveCfg = Release|x64
		{745E6452-9FE1-435B-833A-767617EEE1DA}.Release|x64.Build.0 = Release|x64
		{7AE56433-3764-44A4-880F-1920E3FFD4CC}.Debug|Win32.ActiveCfg = Debug|Win32
		{7AE56433-3764-44A4-880F-1920E3FFD4CC}.Debug|Win32.Build.0 = Debug|Win32
		{7AE56433-3764-44A4-880F-1920E3FFD4CC}.Debug|x64.ActiveCfg = Debug|x64
		{7AE56433-3764-44A4-880F-1920E3FFD4CC}.Debug|x64.Build.0 = Debug|x64
		{7AE56433-3764-44A4-880F-1920E3FFD4CC}.Release|Win32.ActiveCfg = Release|Win32
		{7AE56433-3764-44A4-880F-1920E3FFD4CC}.Release|Win32.Build.0 = Release|Win32
		{7AE56433-3764-44A4-880F-1920E3FFD4CC}.Release|x64.ActiveCfg = Release|x64
		{7AE56433-3764-44A4-880F-1920E3FFD4CC}.Release|x64.Build.0 = Release|x64
		{87EE9DA4-DE1E-4448-8324-183C98DCA588}.Debug|Win32.ActiveCfg = Debug|Win32
		{87EE9DA4-DE1E-4448-8324-183C98DCA588}.Debug|Win32.Build.0 = Debug|Win32
		{87EE9DA4-DE1E-4448-8324-183C98DCA588}.Debug|x64.ActiveCfg = Debug|x64
		{87EE9DA4-DE1E-4448-8324-183C98DCA588}.Debug|x64.Build.0 = Debug|x64
		{87EE9DA4-DE1E-4448-8324-183C98DCA588}.Release|Win32.ActiveCfg = Release|Win32
		{87EE9DA4-DE1E-4448-8324-183C98DCA588}.Release|Win32.Build.0 = Release|Win32
		{87EE9DA4-DE1E-4448-8324-183C98DCA588}.Release|x64.ActiveCfg = Release|x64
		{87EE9DA4-DE1E-4448-8324-183C98DCA588}.Release|x64.Build.0 = Release|x64
		{755593A0-B5A5-4BF6-BF52-5069BE53530F}.Debug|Win32.ActiveCfg = Debug|Win32
		{755593A0-B5A5-4BF6-BF52-5069BE53530F}.Debug|Win32.Build.0 = Debug|Win32
		{755593A0-B5A5-4BF6-BF52-5069BE53530F}.Debug|x64.ActiveCfg = Debug|x64
		{755593A0-B5A5-4BF6-BF52-5069BE53530F}.Debug|x64.Build.0 = Debug|x64
		{755593A0-B5A5-4BF6-BF52-5069BE53530F}.Release|Win32.ActiveCfg = Release|Win32
		{755593A0-B5A5-4BF6-BF52-5069BE53530F}.Release|Win32.Build.0 = Release|Win32
		{755593A0-B5A5-4BF6-BF52-5069BE53530F}.Release|x64.ActiveCfg = Release|x64
		{755593A0-B5A5-4BF6-BF52-5069BE53530F}.Release|x64.Build.0 = Release|x64
		{C406DAEC-0886-4771-8DEA-9D7329B46CC1}.Debug|Win32.ActiveCfg = Debug|Win32
		{C406DAEC-0886-4771-8DEA-9D7329B46CC1}.Debug|Win32.Build.0 = Debug|Win32
		{C406DAEC-0886-4771-8DEA-9D7329B46CC1}.Debug|x64.ActiveCfg = Debug|x64
		{C406DAEC-0886-4771-8DEA-9D7329B46CC1}.Debug|x64.Build.0 = Debug|x64
		{C406DAEC-0886-4771-8DEA-9D7329B46CC1}.Release|Win32.ActiveCfg = Release|Win32
		{C406DAEC-0886-4771-8DEA-9D7329B46CC1}.Release|Win32.Build.0 = Release|Win32
		{C406DAEC-0886-4771-8DEA-9D7329B46CC1}.Release|x64.ActiveCfg = Release|x64
		{C406DAEC-0886-4771-8DEA-9D7329B46CC1}.Release|x64.Build.0 = Release|x64
		{36E32BC3-0645-4C90-8BF5-6495ACB7CF5F}.Debug|Win32.ActiveCfg = Debug|Win32
		{36E32BC3-0645-4C90-8BF5-6495ACB7CF5F}.Debug|Win32.Build.0 = Debug|Win32
		{36E32BC3-0645-4C90-8BF5-6495ACB7CF5F}.Debug|x64.ActiveCfg = Debug|x64
		{36E32BC3-0645-4C90-8BF5-6495ACB7CF5F}.Debug|x64.Build.0 = Debug|x64
		{36E32BC3-0645-4C90-8BF5-6495ACB7CF5F}.Release|Win32.ActiveCfg = Release|Win32
		{36E32BC3-0645-4C90-8BF5-6495ACB7CF5F}.Release|Win32.Build.0 = Release|Win32
		{36E32BC3-0645-4C90-8BF5-6495ACB7CF5F}.Release|x64.ActiveCfg = Release|x64
		{36E32BC3-0645-4C90-8BF5-6495ACB7CF5F}.Release|x64.Build.0 = Release|x64
		{2EA76D13-C2F1-4849-BBF0-2E58FD445887}.Debug|Win32.ActiveCfg = Debug|Win32
		{2EA76D13-C2F1-4849-BBF0-2E58FD445887}.Debug|Win32.Build.0 = Debug|Win32
		{2EA76D13-C2F1-4849-BBF0-2E58FD445887}.Debug|x64.ActiveCfg = Debug|x64
		{2EA76D13-C2F1-4849-BBF0-2E58FD445887}.Debug|x64.Build.0 = Debug|x64
		{2EA76D13-C2F1-4849-BBF0-2E58FD445887}.Release|Win32.ActiveCfg = Release|Win32
		{2EA76D13-C2F1-4849-BBF0-2E58FD445887}.Release|Win32.Build.0 = Release|Win32
		{2EA76D13-C2F1-4849-BBF0-2E58FD445887}.Release|x64.ActiveCfg = Release|x64
		{2EA76D13-C2F1-4849-BBF0-2E58FD445887}.Release|x64.Build.0 = Release|x64
		{0DC4E34F-EAF0-44BF-8B48-6B800949BEB3}.Debug|Win32.ActiveCfg = Debug|Win32
		{0DC4E34F-EAF0-44BF-8B48-6B800949BEB3}.Debug|Win32.Build.0 = Debug|Win32
		{0DC4E34F-EAF0-44BF-8B48-6B800949BEB3}.Debug|x64.ActiveCfg = Debug|x64
		{0DC4E34F-EAF0-44BF-8B48-6B800949BEB3}.Debug|x64.Build.0 = Debug|x64
		{0DC4E34F-EAF0-44BF-8B48-6B800949BEB3}.Release|Win32.ActiveCfg = Release|Win32
		{0DC4E34F-EAF0-44BF-8B48-6B800949BEB3}.Release|Win32.Build.0 = Release|Win32
		{0DC4E34F-EAF0-44BF-8B48-6B800949BEB3}.Release|x64.ActiveCfg = Release|x64
		{0DC4E34F-EAF0-44BF-8B48-6B800949BEB3}.Release|x64.Build.0 = Release|x64
		{20F2845C-A2C7-42A2-99F9-52AE69BD6976}.Debug|Win32.ActiveCfg = Debug|Win32
		{20F2845C-A2C7-42A2-99F9-52AE69BD6976}.Debug|Win32.Build.0 = Debug|Win32
		{20F2845C-A2C7-42A2-99F9-52AE69BD6976}.Debug|x64.ActiveCfg = Debug|x64
		{20F2845C-A2C7-42A2-99F9-52AE69BD6976}.Debug|x64.Build.0 = Debug|x64
		{20F2845C-A2C7-42A2-99F9-52AE69BD6976}.Release|Win32.ActiveCfg = Release|Win32
		{20F2845C-A2C7-42A2-99F9-52AE69BD6976}.Release|Win32.Build.0 = Release|Win32
		{20F2845C-A2C7-42A2-99F9-52AE69BD6976}.Release|x64.ActiveCfg = Release|x64
		{20F2845C-A2C7-42A2-99F9-52AE69BD6976}.Release|x64.Build.0 = Release|x64
		{5650F9C4-7DD0-4C23-BFC7-022D253ACBFA}.Debug|Win32.ActiveCfg = Debug|Win32
		{5650F9C4-7DD0-4C23-BFC7-022D253ACBFA}.Debug|Win32.Build.0 = Debug|Win32
		{5650F9C4-7DD0-4C23-BFC7-022D253ACBFA}.Debug|x64.ActiveCfg = Debug|x64
		{5650F9C4-7DD0-4C23-BFC7-022D253ACBFA}.Debug|x64.Build.0 = Debug|x64
		{5650F9C4-7DD0-4C23-BFC7-022D253ACBFA}.Release|Win32.ActiveCfg = Release|Win32
		{5650F9C4-7DD0-4C23-BFC7-022D253ACBFA}.Release|Win32.Build.0 = Release|Win32
		{5650F9C4-7DD0-4C23-BFC7-022D253ACBFA}.Release|x64.ActiveCfg = Release|x64
		{5650F9C4-7DD0-4C23-BFC7-022D253ACBFA}.Release|x64.Build.0 = Release|x64
		{C20D65CD-2BB3-4346-8109-FD1C47E7FBBB}.Debug|Win32.ActiveCfg = Debug|Win32
		{C20D65CD-2BB3-4346-8109-FD1C47E7FBBB}.Debug|Win32.Build.0 = Debug|Win32
		{C20D65CD-2BB3-4346-8109-FD1C47E7FBBB}.Debug|x64.ActiveCfg = Debug|x64
		{C20D65CD-2BB3-4346-8109-FD1C47E7FBBB}.Debug|x64.Build.0 = Debug|x64
		{C20D65CD-2BB3-4346-8109-FD1C47E7FBBB}.Release|Win32.ActiveCfg = Release|Win32
		{C20D65CD-2BB3-4346-8109-FD1C47E7FBBB}.Release|Win32.Build.0 = Release|Win32
		{C20D65CD-2BB3-4346-8109-FD1C47E7FBBB}.Release|x64.ActiveCfg = Release|x64
		{C20D65CD-2BB3-4346-8109-FD1C47E7FBBB}.Release|x64.Build.0 = Release|x64
		{A063DFAD-6995-4E1A-AFFF-E43DC11E95B1}.Debug|Win32.ActiveCfg = Debug|Win32
		{A063DFAD-6995-4E1A-AFFF-E43DC11E95B1}.Debug|Win32.Build.0 = Debug|Win32
		{A063DFAD-6995-4E1A-AFFF-E43DC11E95B1}.Debug|x64.ActiveCfg = Debug|x64
		{A063DFAD-6995-4E1A-AFFF-E43DC11E95B1}.Debug|x64.Build.0 = Debug|x64
		{A063DFAD-6995-4E1A-AFFF-E43DC11E95B1}.Release|Win32.ActiveCfg = Release|Win32
		{A063DFAD-6995-4E1A-AFFF-E43DC11E95B1}.Release|Win32.Build.0 = Release|Win32
		{A063DFAD-6995-4E1A-AFFF-E43DC11E95B1}.Release|x64.ActiveCfg = Release|x64
		{A063DFAD-6995-4E1A-AFFF-E43DC11E95B1}.Release|x64.Build.0 = Release|x64
		{708F18DC-BC21-4031-A202-E33D4AA10429}.Debug|Win32.ActiveCfg = Debug|Win32
		{708F18DC-BC21-4031-A202-E33D4AA10429}.Debug|Win32.Build.0 = Debug|Win32
		{708F18DC-BC21-4031-A202-E33D4AA10429}.Debug|x64.ActiveCfg = Debug|x64
		{708F18DC-BC21-4031-A202-E33D4AA10429}.Debug|x64.Build.0 = Debug|x64
		{708F18DC-BC21-4031-A202-E33D4AA10429}.Release|Win32.ActiveCfg = Release|Win32
		{708F18DC-BC21-4031-A202-E33D4AA10429}.Release|Win32.Build.0 = Release|Win32
		{708F18DC-BC21-4031-A202-E33D4AA10429}.Release|x64.ActiveCfg = Release|x64
		{708F18DC-BC21-4031-A202-E33D4AA10429}.Release|x64.Build.0 = Release|x64
		{B84F7231-16CE-41D8-8C08-7B523FF4225B}.Debug|Win32.ActiveCfg = Debug|Win32
		{B84F7231-16CE-41D8-8C08-7B523FF4225B}.Debug|Win32.Build.0 = Debug|Win32
		{B84F7231-16CE-41D8-8C08-7B523FF4225B}.Debug|x64.ActiveCfg = Debug|Win32
		{B84F7231-16CE-41D8-8C08-7B523FF4225B}.Release|Win32.ActiveCfg = Release|Win32
		{B84F7231-16CE-41D8-8C08-7B523FF4225B}.Release|Win32.Build.0 = Release|Win32
		{B84F7231-16CE-41D8-8C08-7B523FF4225B}.Release|x64.ActiveCfg = Release|Win32
	EndGlobalSection
	GlobalSection(SolutionProperties) = preSolution
		HideSolutionNode = FALSE
	EndGlobalSection
	GlobalSection(NestedProjects) = preSolution
		{A72F7A4D-9677-4DE3-8898-18B6F5CD5155} = {D5D4C621-4C52-4A83-A2F6-877E5D2F91DD}
		{745E6452-9FE1-435B-833A-767617EEE1DA} = {D5D4C621-4C52-4A83-A2F6-877E5D2F91DD}
		{7AE56433-3764-44A4-880F-1920E3FFD4CC} = {D5D4C621-4C52-4A83-A2F6-877E5D2F91DD}
		{87EE9DA4-DE1E-4448-8324-183C98DCA588} = {D5D4C621-4C52-4A83-A2F6-877E5D2F91DD}
		{755593A0-B5A5-4BF6-BF52-5069BE53530F} = {D5D4C621-4C52-4A83-A2F6-877E5D2F91DD}
		{C406DAEC-0886-4771-8DEA-9D7329B46CC1} = {D5D4C621-4C52-4A83-A2F6-877E5D2F91DD}
		{36E32BC3-0645-4C90-8BF5-6495ACB7CF5F} = {D5D4C621-4C52-4A83-A2F6-877E5D2F91DD}
		{2EA76D13-C2F1-4849-BBF0-2E58FD445887} = {D5D4C621-4C52-4A83-A2F6-877E5D2F91DD}
		{0DC4E34F-EAF0-44BF-8B48-6B800949BEB3} = {D5D4C621-4C52-4A83-A2F6-877E5D2F91DD}
		{20F2845C-A2C7-42A2-99F9-52AE69BD6976} = {D5D4C621-4C52-4A83-A2F6-877E5D2F91DD}
		{5650F9C4-7DD0-4C23-BFC7-022D253ACBFA} = {D5D4C621-4C52-4A83-A2F6-877E5D2F91DD}
		{C20D65CD-2BB3-4346-8109-FD1C47E7FBBB} = {D5D4C621-4C52-4A83-A2F6-877E5D2F91DD}
		{A063DFAD-6995-4E1A-AFFF-E43DC11E95B1} = {D5D4C621-4C52-4A83-A2F6-877E5D2F91DD}
		{708F18DC-BC21-4031-A202-E33D4AA10429} = {D5D4C621-4C52-4A83-A2F6-877E5D2F91DD}
		{B84F7231-16CE-41D8-8C08-7B523FF4225B} = {D5D4C621-4C52-4A83-A2F6-877E5D2F91DD}
	EndGlobalSection
	GlobalSection(ExtensibilityGlobals) = postSolution
		SolutionGuid = {68CA0970-4242-4E4F-94D2-C19760FCA05D}
	EndGlobalSection
EndGlobal
